{
  "name": "VermeilBot-MD",
  "version": "0.0.1",
  "lockfileVersion": 3,
  "requires": true,
  "packages": {
    "": {
      "name": "VermeilBot-MD",
      "version": "0.0.1",
      "license": "GPL-3.0-or-later",
      "dependencies": {
        "@adiwajshing/keyed-db": "^0.2.4",
        "@bochilteam/scraper": "4.2.4",
        "@brandond/findthelyrics": "^2.0.5",
        "@green-code/music-track-data": "^2.0.3",
        "@shineiichijo/marika": "^2.0.6",
        "@tensorflow/tfjs": "^3.18.0",
        "@vitalets/google-translate-api": "^8.0.0",
        "@whiskeysockets/baileys": "npm:@whiskeysockets/baileys@6.7.2",
        "@xct007/frieren-scraper": "^0.0.2",
        "acrcloud": "^1.4.0",
        "api-dylux": "^1.5.5",
        "aptoide-scraper": "^1.0.1",
        "awesome-phonenumber": "^2.68.0",
        "axios": "^1.3.4",
        "boxen": "^7.1.1",
        "cfonts": "^3.1.1",
        "chalk": "^5.0.1",
        "cheerio": "^1.0.0-rc.12",
        "colors": "1.4.0",
        "countries-and-timezones": "^3.6.0",
        "didyoumean": "^1.2.2",
        "express": "^4.18.1",
        "ffmpeg-extract-frames": "^2.0.2",
        "file-type": "^18.0.0",
        "fluent-ffmpeg": "^2.1.2",
        "formdata-node": "^5.0.1",
        "fs": "^0.0.1-security",
        "get-video-duration": "^4.1.0",
        "glob-fs": "^0.1.7",
        "google-it": "^1.6.3",
        "hispamemes": "^1.0.7",
        "human-readable": "^0.2.1",
        "hxz-api": "^1.0.1",
        "instagram-url-direct": "^1.0.12",
        "jimp": "^0.16.1",
        "jsdom": "^19.0.0",
        "knights-canvas": "^1.3.7-a",
        "libphonenumber-js": "^1.10.55",
        "lodash": "^4.17.21",
        "lowdb": "^3.0.0",
        "module-gatadios": "^1.0.9",
        "moment-timezone": "^0.5.41",
        "mongoose": "^7.0.0",
        "node-fetch": "^3.2.0",
        "node-gtts": "^2.0.2",
        "node-os-utils": "^1.3.6",
        "node-webpmux": "^3.1.5",
        "openai": "^3.1.0",
        "perf_hooks": "^0.0.1",
        "pino": "^8.11.0",
        "pino-pretty": "^9.4.0",
        "qrcode": "^1.5.2",
        "qrcode-terminal": "^0.12.0",
        "readline": "^1.3.0",
        "sharp": "^0.32.6",
        "similarity": "^1.2.1",
        "socket.io": "^4.6.1",
        "syntax-error": "^1.4.0",
        "terminal-image": "^2.0.0",
        "url-regex-safe": "^3.0.0",
        "wa-sticker-formatter": "^4.3.2",
        "yargs": "^17.3.1",
        "yt-search": "^2.10.3",
        "ytdl-core": "^4.11.4"
      }
    },
    "node_modules/@adiwajshing/keyed-db": {
      "version": "0.2.4",
      "resolved": "https://registry.npmjs.org/@adiwajshing/keyed-db/-/keyed-db-0.2.4.tgz",
      "integrity": "sha512-yprSnAtj80/VKuDqRcFFLDYltoNV8tChNwFfIgcf6PGD4sjzWIBgs08pRuTqGH5mk5wgL6PBRSsMCZqtZwzFEw==",
      "license": "MIT"
    },
    "node_modules/@babel/runtime": {
      "version": "7.24.8",
      "resolved": "https://registry.npmjs.org/@babel/runtime/-/runtime-7.24.8.tgz",
      "integrity": "sha512-5F7SDGs1T72ZczbRwbGO9lQi0NLjQxzl6i4lJxLxfW9U5UluCSyEJeniWvnhl3/euNiqQVbo8zruhsDfid0esA==",
      "license": "MIT",
      "dependencies": {
        "regenerator-runtime": "^0.14.0"
      },
      "engines": {
        "node": ">=6.9.0"
      }
    },
    "node_modules/@babel/runtime/node_modules/regenerator-runtime": {
      "version": "0.14.1",
      "resolved": "https://registry.npmjs.org/regenerator-runtime/-/regenerator-runtime-0.14.1.tgz",
      "integrity": "sha512-dYnhHh0nJoMfnkZs6GmmhFknAGRrLznOu5nc9ML+EJxGvrx6H7teuevqVqCuPcPK//3eDrrjQhehXVx9cnkGdw==",
      "license": "MIT"
    },
    "node_modules/@bochilteam/scraper": {
      "version": "4.2.4",
      "resolved": "https://registry.npmjs.org/@bochilteam/scraper/-/scraper-4.2.4.tgz",
      "integrity": "sha512-thV7JBQ/fK1aCLdpOSYYg9q379x0t29qs7b03YPQysk7KanNhNEzJMkOxSlH+lV1r9l7Wu4Z57H4oh5ij1GFdw==",
      "license": "GPL-3.0-or-later",
      "dependencies": {
        "@bochilteam/scraper-bmkg": "^1.0.2",
        "@bochilteam/scraper-downloader": "^1.0.2",
        "@bochilteam/scraper-games": "^1.0.2",
        "@bochilteam/scraper-images": "^1.0.2",
        "@bochilteam/scraper-news": "^1.0.2",
        "@bochilteam/scraper-others": "^1.0.2",
        "@bochilteam/scraper-primbon": "^1.0.2",
        "@bochilteam/scraper-religions": "^1.0.2",
        "@bochilteam/scraper-sosmed": "^1.0.5",
        "@bochilteam/scraper-texts": "^1.0.2"
      }
    },
    "node_modules/@bochilteam/scraper-bmkg": {
      "version": "1.0.2",
      "resolved": "https://registry.npmjs.org/@bochilteam/scraper-bmkg/-/scraper-bmkg-1.0.2.tgz",
      "integrity": "sha512-Wqm11fBYiAZCzxQtqOl2KONTeQkd16rOEu5wMH1ZNzc7k2511pAs93yM2u5mmN25A09vY/9m0BgM8Hot7onGWg==",
      "license": "GPL-3.0-or-later",
      "dependencies": {
        "cheerio": "^1.0.0-rc.12",
        "got": "^11.8.6",
        "zod": "^3.20.2"
      }
    },
    "node_modules/@bochilteam/scraper-downloader": {
      "version": "1.0.2",
      "resolved": "https://registry.npmjs.org/@bochilteam/scraper-downloader/-/scraper-downloader-1.0.2.tgz",
      "integrity": "sha512-VskQCyG5sqRwuS26zn9CMp8FibIHATPesN8PIbdFi/4epVvE003IcnRwjo8Cz26DxcfCwvUOdNaPQWoclyEwNQ==",
      "license": "GPL-3.0-or-later",
      "dependencies": {
        "got": "^11.8.6",
        "zod": "^3.20.2"
      }
    },
    "node_modules/@bochilteam/scraper-games": {
      "version": "1.0.2",
      "resolved": "https://registry.npmjs.org/@bochilteam/scraper-games/-/scraper-games-1.0.2.tgz",
      "integrity": "sha512-TO6EUQEn+oMTCPU8i+PPhhKXgcwahBpKf0pHV9WVYECOj252vhp0kNwEVrFhvd35r6JeEwWb4Mlkv+p1CmL1iQ==",
      "license": "GPL-3.0-or-later",
      "dependencies": {
        "got": "^11.8.6",
        "zod": "^3.20.2"
      }
    },
    "node_modules/@bochilteam/scraper-images": {
      "version": "1.0.2",
      "resolved": "https://registry.npmjs.org/@bochilteam/scraper-images/-/scraper-images-1.0.2.tgz",
      "integrity": "sha512-WJD9ZA6fFxj9OlMGtnY583VF8nYx0GUDWMOvIRT4FDz/+jKdL2INzeFuUfdR4hyt8rihmlIsT8lzM/PBSAZJ1w==",
      "license": "GPL-3.0-or-later",
      "dependencies": {
        "cheerio": "^1.0.0-rc.12",
        "got": "^11.8.6",
        "zod": "^3.20.2"
      }
    },
    "node_modules/@bochilteam/scraper-news": {
      "version": "1.0.2",
      "resolved": "https://registry.npmjs.org/@bochilteam/scraper-news/-/scraper-news-1.0.2.tgz",
      "integrity": "sha512-1vmbrcUfJvSnfq+R7A4RbcusfdQkHdBLZYjtQG12T/RLiAmwdAmKQje3fXAHnh6POxGTjS9RrZWIDJ3Umb+gAQ==",
      "license": "GPL-3.0-or-later",
      "dependencies": {
        "cheerio": "^1.0.0-rc.12",
        "got": "^11.8.6",
        "zod": "^3.20.2"
      }
    },
    "node_modules/@bochilteam/scraper-others": {
      "version": "1.0.2",
      "resolved": "https://registry.npmjs.org/@bochilteam/scraper-others/-/scraper-others-1.0.2.tgz",
      "integrity": "sha512-skWayp4wOFRrA8IrrW0ktYtlhF0yXSP/X9bYOkMGC35ilC0wlcrcsjfihDRjqXoiYymrPt3A4mptWGXCtajqGg==",
      "license": "GPL-3.0-or-later",
      "dependencies": {
        "cheerio": "^1.0.0-rc.12",
        "got": "^11.8.6",
        "zod": "^3.20.2"
      }
    },
    "node_modules/@bochilteam/scraper-primbon": {
      "version": "1.0.2",
      "resolved": "https://registry.npmjs.org/@bochilteam/scraper-primbon/-/scraper-primbon-1.0.2.tgz",
      "integrity": "sha512-xEMp0w/2VFJhDDWmUa0VcxAoRXWPp0N6TFiaJQ5l2p642AmxUs3gyQTTLBEx0dbAvCNuGPdrTAUs1uFDbqBZIg==",
      "license": "GPL-3.0-or-later",
      "dependencies": {
        "cheerio": "^1.0.0-rc.12",
        "got": "^11.8.6",
        "zod": "^3.20.2"
      }
    },
    "node_modules/@bochilteam/scraper-religions": {
      "version": "1.0.2",
      "resolved": "https://registry.npmjs.org/@bochilteam/scraper-religions/-/scraper-religions-1.0.2.tgz",
      "integrity": "sha512-SVBEafuqavxsPOrwFCQcYAGO6GX9Ou486vLmaoX+toyRJ3dCmdc9o7hwprRxI0uGKXfNPmBmq9tC+qS6RjSZjg==",
      "license": "GPL-3.0-or-later",
      "dependencies": {
        "cheerio": "^1.0.0-rc.12",
        "got": "^11.8.6",
        "similarity": "^1.2.1",
        "zod": "^3.20.2"
      }
    },
    "node_modules/@bochilteam/scraper-sosmed": {
      "version": "1.0.5",
      "resolved": "https://registry.npmjs.org/@bochilteam/scraper-sosmed/-/scraper-sosmed-1.0.5.tgz",
      "integrity": "sha512-nFWB8XeY3IzdmRU0l+bIwTKZkOB/TBodowqa9C7HjT/GkEo3Tj9nVEUi5COy9gtl1ZtM1PjbIs8jvZX8nxpcvQ==",
      "license": "GPL-3.0-or-later",
      "dependencies": {
        "form-data": "^4.0.0",
        "got": "^11.8.6",
        "human-readable": "^0.2.1",
        "zod": "^3.20.2"
      },
      "peerDependencies": {
        "ws": "^8.13.0"
      }
    },
    "node_modules/@bochilteam/scraper-texts": {
      "version": "1.0.2",
      "resolved": "https://registry.npmjs.org/@bochilteam/scraper-texts/-/scraper-texts-1.0.2.tgz",
      "integrity": "sha512-FRtQlZoOZQv4u5zc4J1w+wnaHLcRnWppQ0zSHvxqqHPSOzH/2M/rt1mfobAMdYGqlV6+ZWjDJrZLeKmM4Kl7XA==",
      "license": "GPL-3.0-or-later",
      "dependencies": {
        "cheerio": "^1.0.0-rc.12",
        "form-data": "^4.0.0",
        "got": "^11.8.6",
        "zod": "^3.20.2"
      }
    },
    "node_modules/@brandond/findthelyrics": {
      "version": "2.0.5",
      "resolved": "https://registry.npmjs.org/@brandond/findthelyrics/-/findthelyrics-2.0.5.tgz",
      "integrity": "sha512-BYrF7P8VS3jeoPvDw2vBx7pWGUguY7DSOM+zyS1Nccd3xzugE/Mooc3wtUtcvbzyfxe+UrDurht3dO7rpiFdAw==",
      "license": "UNLICENSED",
      "dependencies": {
        "cheerio": "^1.0.0-rc.12"
      }
    },
    "node_modules/@discordjs/builders": {
      "version": "0.16.0",
      "resolved": "https://registry.npmjs.org/@discordjs/builders/-/builders-0.16.0.tgz",
      "integrity": "sha512-9/NCiZrLivgRub2/kBc0Vm5pMBE5AUdYbdXsLu/yg9ANgvnaJ0bZKTY8yYnLbsEc/LYUP79lEIdC73qEYhWq7A==",
      "license": "Apache-2.0",
      "dependencies": {
        "@sapphire/shapeshift": "^3.5.1",
        "discord-api-types": "^0.36.2",
        "fast-deep-equal": "^3.1.3",
        "ts-mixer": "^6.0.1",
        "tslib": "^2.4.0"
      },
      "engines": {
        "node": ">=16.9.0"
      }
    },
    "node_modules/@discordjs/builders/node_modules/discord-api-types": {
      "version": "0.36.3",
      "resolved": "https://registry.npmjs.org/discord-api-types/-/discord-api-types-0.36.3.tgz",
      "integrity": "sha512-bz/NDyG0KBo/tY14vSkrwQ/n3HKPf87a0WFW/1M9+tXYK+vp5Z5EksawfCWo2zkAc6o7CClc0eff1Pjrqznlwg==",
      "license": "MIT"
    },
    "node_modules/@discordjs/collection": {
      "version": "0.7.0",
      "resolved": "https://registry.npmjs.org/@discordjs/collection/-/collection-0.7.0.tgz",
      "integrity": "sha512-R5i8Wb8kIcBAFEPLLf7LVBQKBDYUL+ekb23sOgpkpyGT+V4P7V83wTxcsqmX+PbqHt4cEHn053uMWfRqh/Z/nA==",
      "license": "Apache-2.0",
      "engines": {
        "node": ">=16.9.0"
      }
    },
    "node_modules/@eshaz/web-worker": {
      "version": "1.2.2",
      "resolved": "https://registry.npmjs.org/@eshaz/web-worker/-/web-worker-1.2.2.tgz",
      "integrity": "sha512-WxXiHFmD9u/owrzempiDlBB1ZYqiLnm9s6aPc8AlFQalq2tKmqdmMr9GXOupDgzXtqnBipj8Un0gkIm7Sjf8mw==",
      "license": "Apache-2.0"
    },
    "node_modules/@ffprobe-installer/ffprobe": {
      "version": "1.4.2",
      "resolved": "https://registry.npmjs.org/@ffprobe-installer/ffprobe/-/ffprobe-1.4.2.tgz",
      "integrity": "sha512-Jowoycg4aGeDVVaz+25hRSjdIDuDDXYMJjbOLvlKq9WF1n9rkAGR7Scce+bFeoRw0QwSPrpPnEH1weTWZU8CQA==",
      "license": "LGPL-2.1",
      "optionalDependencies": {
        "@ffprobe-installer/darwin-arm64": "5.0.1",
        "@ffprobe-installer/darwin-x64": "5.1.0",
        "@ffprobe-installer/linux-arm": "5.1.0",
        "@ffprobe-installer/linux-arm64": "5.1.0",
        "@ffprobe-installer/linux-ia32": "5.1.0",
        "@ffprobe-installer/linux-x64": "5.1.0",
        "@ffprobe-installer/win32-ia32": "5.1.0",
        "@ffprobe-installer/win32-x64": "5.1.0"
      }
    },
    "node_modules/@ffprobe-installer/win32-x64": {
      "version": "5.1.0",
      "resolved": "https://registry.npmjs.org/@ffprobe-installer/win32-x64/-/win32-x64-5.1.0.tgz",
      "integrity": "sha512-jMGYeAgkrdn4e2vvYt/qakgHRE3CPju4bn5TmdPfoAm1BlX1mY9cyMd8gf5vSzI8gH8Zq5WQAyAkmekX/8TSTg==",
      "cpu": [
        "x64"
      ],
      "license": "GPL-3.0",
      "optional": true,
      "os": [
        "win32"
      ]
    },
    "node_modules/@green-code/music-track-data": {
      "version": "2.0.3",
      "resolved": "https://registry.npmjs.org/@green-code/music-track-data/-/music-track-data-2.0.3.tgz",
      "integrity": "sha512-PYjV+w7ioootd8nX5tyMWdMtW4ATOLLUWLEQ4eWO85bWSWE3HRaZlpylAmlu7D3ADraqtDBMXGWGtHDJ3GKguQ==",
      "license": "MIT",
      "dependencies": {
        "axios": "^0.24.0"
      }
    },
    "node_modules/@green-code/music-track-data/node_modules/axios": {
      "version": "0.24.0",
      "resolved": "https://registry.npmjs.org/axios/-/axios-0.24.0.tgz",
      "integrity": "sha512-Q6cWsys88HoPgAaFAVUb0WpPk0O8iTeisR9IMqy9G8AbO4NlpVknrnQS03zzF9PGAWgO3cgletO3VjV/P7VztA==",
      "license": "MIT",
      "dependencies": {
        "follow-redirects": "^1.14.4"
      }
    },
    "node_modules/@hapi/boom": {
      "version": "9.1.4",
      "resolved": "https://registry.npmjs.org/@hapi/boom/-/boom-9.1.4.tgz",
      "integrity": "sha512-Ls1oH8jaN1vNsqcaHVYJrKmgMcKsC1wcp8bujvXrHaAqD2iDYq3HoOwsxwo09Cuda5R5nC0o0IxlrlTuvPuzSw==",
      "license": "BSD-3-Clause",
      "dependencies": {
        "@hapi/hoek": "9.x.x"
      }
    },
    "node_modules/@hapi/hoek": {
      "version": "9.3.0",
      "resolved": "https://registry.npmjs.org/@hapi/hoek/-/hoek-9.3.0.tgz",
      "integrity": "sha512-/c6rf4UJlmHlC9b5BaNvzAcFv7HZ2QHaV0D4/HNlBdvFnvQq8RI4kYdhyPCl7Xj+oWvTWQ8ujhqS53LIgAe6KQ==",
      "license": "BSD-3-Clause"
    },
    "node_modules/@jimp/bmp": {
      "version": "0.14.0",
      "resolved": "https://registry.npmjs.org/@jimp/bmp/-/bmp-0.14.0.tgz",
      "integrity": "sha512-5RkX6tSS7K3K3xNEb2ygPuvyL9whjanhoaB/WmmXlJS6ub4DjTqrapu8j4qnIWmO4YYtFeTbDTXV6v9P1yMA5A==",
      "license": "MIT",
      "dependencies": {
        "@babel/runtime": "^7.7.2",
        "@jimp/utils": "^0.14.0",
        "bmp-js": "^0.1.0"
      },
      "peerDependencies": {
        "@jimp/custom": ">=0.3.5"
      }
    },
    "node_modules/@jimp/core": {
      "version": "0.14.0",
      "resolved": "https://registry.npmjs.org/@jimp/core/-/core-0.14.0.tgz",
      "integrity": "sha512-S62FcKdtLtj3yWsGfJRdFXSutjvHg7aQNiFogMbwq19RP4XJWqS2nOphu7ScB8KrSlyy5nPF2hkWNhLRLyD82w==",
      "license": "MIT",
      "dependencies": {
        "@babel/runtime": "^7.7.2",
        "@jimp/utils": "^0.14.0",
        "any-base": "^1.1.0",
        "buffer": "^5.2.0",
        "exif-parser": "^0.1.12",
        "file-type": "^9.0.0",
        "load-bmfont": "^1.3.1",
        "mkdirp": "^0.5.1",
        "phin": "^2.9.1",
        "pixelmatch": "^4.0.2",
        "tinycolor2": "^1.4.1"
      }
    },
    "node_modules/@jimp/core/node_modules/file-type": {
      "version": "9.0.0",
      "resolved": "https://registry.npmjs.org/file-type/-/file-type-9.0.0.tgz",
      "integrity": "sha512-Qe/5NJrgIOlwijpq3B7BEpzPFcgzggOTagZmkXQY4LA6bsXKTUstK7Wp12lEJ/mLKTpvIZxmIuRcLYWT6ov9lw==",
      "license": "MIT",
      "engines": {
        "node": ">=6"
      }
    },
    "node_modules/@jimp/custom": {
      "version": "0.14.0",
      "resolved": "https://registry.npmjs.org/@jimp/custom/-/custom-0.14.0.tgz",
      "integrity": "sha512-kQJMeH87+kWJdVw8F9GQhtsageqqxrvzg7yyOw3Tx/s7v5RToe8RnKyMM+kVtBJtNAG+Xyv/z01uYQ2jiZ3GwA==",
      "license": "MIT",
      "dependencies": {
        "@babel/runtime": "^7.7.2",
        "@jimp/core": "^0.14.0"
      }
    },
    "node_modules/@jimp/gif": {
      "version": "0.14.0",
      "resolved": "https://registry.npmjs.org/@jimp/gif/-/gif-0.14.0.tgz",
      "integrity": "sha512-DHjoOSfCaCz72+oGGEh8qH0zE6pUBaBxPxxmpYJjkNyDZP7RkbBkZJScIYeQ7BmJxmGN4/dZn+MxamoQlr+UYg==",
      "license": "MIT",
      "dependencies": {
        "@babel/runtime": "^7.7.2",
        "@jimp/utils": "^0.14.0",
        "gifwrap": "^0.9.2",
        "omggif": "^1.0.9"
      },
      "peerDependencies": {
        "@jimp/custom": ">=0.3.5"
      }
    },
    "node_modules/@jimp/jpeg": {
      "version": "0.14.0",
      "resolved": "https://registry.npmjs.org/@jimp/jpeg/-/jpeg-0.14.0.tgz",
      "integrity": "sha512-561neGbr+87S/YVQYnZSTyjWTHBm9F6F1obYHiyU3wVmF+1CLbxY3FQzt4YolwyQHIBv36Bo0PY2KkkU8BEeeQ==",
      "license": "MIT",
      "dependencies": {
        "@babel/runtime": "^7.7.2",
        "@jimp/utils": "^0.14.0",
        "jpeg-js": "^0.4.0"
      },
      "peerDependencies": {
        "@jimp/custom": ">=0.3.5"
      }
    },
    "node_modules/@jimp/plugin-blit": {
      "version": "0.14.0",
      "resolved": "https://registry.npmjs.org/@jimp/plugin-blit/-/plugin-blit-0.14.0.tgz",
      "integrity": "sha512-YoYOrnVHeX3InfgbJawAU601iTZMwEBZkyqcP1V/S33Qnz9uzH1Uj1NtC6fNgWzvX6I4XbCWwtr4RrGFb5CFrw==",
      "license": "MIT",
      "dependencies": {
        "@babel/runtime": "^7.7.2",
        "@jimp/utils": "^0.14.0"
      },
      "peerDependencies": {
        "@jimp/custom": ">=0.3.5"
      }
    },
    "node_modules/@jimp/plugin-blur": {
      "version": "0.14.0",
      "resolved": "https://registry.npmjs.org/@jimp/plugin-blur/-/plugin-blur-0.14.0.tgz",
      "integrity": "sha512-9WhZcofLrT0hgI7t0chf7iBQZib//0gJh9WcQMUt5+Q1Bk04dWs8vTgLNj61GBqZXgHSPzE4OpCrrLDBG8zlhQ==",
      "license": "MIT",
      "dependencies": {
        "@babel/runtime": "^7.7.2",
        "@jimp/utils": "^0.14.0"
      },
      "peerDependencies": {
        "@jimp/custom": ">=0.3.5"
      }
    },
    "node_modules/@jimp/plugin-circle": {
      "version": "0.14.0",
      "resolved": "https://registry.npmjs.org/@jimp/plugin-circle/-/plugin-circle-0.14.0.tgz",
      "integrity": "sha512-o5L+wf6QA44tvTum5HeLyLSc5eVfIUd5ZDVi5iRfO4o6GT/zux9AxuTSkKwnjhsG8bn1dDmywAOQGAx7BjrQVA==",
      "license": "MIT",
      "dependencies": {
        "@babel/runtime": "^7.7.2",
        "@jimp/utils": "^0.14.0"
      },
      "peerDependencies": {
        "@jimp/custom": ">=0.3.5"
      }
    },
    "node_modules/@jimp/plugin-color": {
      "version": "0.14.0",
      "resolved": "https://registry.npmjs.org/@jimp/plugin-color/-/plugin-color-0.14.0.tgz",
      "integrity": "sha512-JJz512SAILYV0M5LzBb9sbOm/XEj2fGElMiHAxb7aLI6jx+n0agxtHpfpV/AePTLm1vzzDxx6AJxXbKv355hBQ==",
      "license": "MIT",
      "dependencies": {
        "@babel/runtime": "^7.7.2",
        "@jimp/utils": "^0.14.0",
        "tinycolor2": "^1.4.1"
      },
      "peerDependencies": {
        "@jimp/custom": ">=0.3.5"
      }
    },
    "node_modules/@jimp/plugin-contain": {
      "version": "0.14.0",
      "resolved": "https://registry.npmjs.org/@jimp/plugin-contain/-/plugin-contain-0.14.0.tgz",
      "integrity": "sha512-RX2q233lGyaxiMY6kAgnm9ScmEkNSof0hdlaJAVDS1OgXphGAYAeSIAwzESZN4x3ORaWvkFefeVH9O9/698Evg==",
      "license": "MIT",
      "dependencies": {
        "@babel/runtime": "^7.7.2",
        "@jimp/utils": "^0.14.0"
      },
      "peerDependencies": {
        "@jimp/custom": ">=0.3.5",
        "@jimp/plugin-blit": ">=0.3.5",
        "@jimp/plugin-resize": ">=0.3.5",
        "@jimp/plugin-scale": ">=0.3.5"
      }
    },
    "node_modules/@jimp/plugin-cover": {
      "version": "0.14.0",
      "resolved": "https://registry.npmjs.org/@jimp/plugin-cover/-/plugin-cover-0.14.0.tgz",
      "integrity": "sha512-0P/5XhzWES4uMdvbi3beUgfvhn4YuQ/ny8ijs5kkYIw6K8mHcl820HahuGpwWMx56DJLHRl1hFhJwo9CeTRJtQ==",
      "license": "MIT",
      "dependencies": {
        "@babel/runtime": "^7.7.2",
        "@jimp/utils": "^0.14.0"
      },
      "peerDependencies": {
        "@jimp/custom": ">=0.3.5",
        "@jimp/plugin-crop": ">=0.3.5",
        "@jimp/plugin-resize": ">=0.3.5",
        "@jimp/plugin-scale": ">=0.3.5"
      }
    },
    "node_modules/@jimp/plugin-crop": {
      "version": "0.14.0",
      "resolved": "https://registry.npmjs.org/@jimp/plugin-crop/-/plugin-crop-0.14.0.tgz",
      "integrity": "sha512-Ojtih+XIe6/XSGtpWtbAXBozhCdsDMmy+THUJAGu2x7ZgKrMS0JotN+vN2YC3nwDpYk
